{
    "name": "@laravel/discord-bot",
    "lockfileVersion": 2,
    "requires": true,
    "packages": {
        "": {
            "name": "@laravel/discord-bot",
            "devDependencies": {
                "@types/node": "^18.11.17",
                "discord.js": "^14.7.1",
                "ts-node": "^10.9.1",
                "typescript": "^4.9.4"
            }
        },
        "node_modules/@cspotcode/source-map-support": {
            "version": "0.8.1",
            "resolved": "https://registry.npmjs.org/@cspotcode/source-map-support/-/source-map-support-0.8.1.tgz",
            "integrity": "sha512-IchNf6dN4tHoMFIn/7OE8LWZ19Y6q/67Bmf6vnGREv8RSbBVb9LPJxEcnwrcwX6ixSvaiGoomAUvu4YSxXrVgw==",
            "dev": true,
            "dependencies": {
                "@jridgewell/trace-mapping": "0.3.9"
            },
            "engines": {
                "node": ">=12"
            }
        },
        "node_modules/@discordjs/builders": {
            "version": "1.4.0",
            "resolved": "https://registry.npmjs.org/@discordjs/builders/-/builders-1.4.0.tgz",
            "integrity": "sha512-nEeTCheTTDw5kO93faM1j8ZJPonAX86qpq/QVoznnSa8WWcCgJpjlu6GylfINTDW6o7zZY0my2SYdxx2mfNwGA==",
            "dev": true,
            "dependencies": {
                "@discordjs/util": "^0.1.0",
                "@sapphire/shapeshift": "^3.7.1",
                "discord-api-types": "^0.37.20",
                "fast-deep-equal": "^3.1.3",
                "ts-mixer": "^6.0.2",
                "tslib": "^2.4.1"
            },
            "engines": {
                "node": ">=16.9.0"
            }
        },
        "node_modules/@discordjs/collection": {
            "version": "1.3.0",
            "resolved": "https://registry.npmjs.org/@discordjs/collection/-/collection-1.3.0.tgz",
            "integrity": "sha512-ylt2NyZ77bJbRij4h9u/wVy7qYw/aDqQLWnadjvDqW/WoWCxrsX6M3CIw9GVP5xcGCDxsrKj5e0r5evuFYwrKg==",
            "dev": true,
            "engines": {
                "node": ">=16.9.0"
            }
        },
        "node_modules/@discordjs/rest": {
            "version": "1.5.0",
            "resolved": "https://registry.npmjs.org/@discordjs/rest/-/rest-1.5.0.tgz",
            "integrity": "sha512-lXgNFqHnbmzp5u81W0+frdXN6Etf4EUi8FAPcWpSykKd8hmlWh1xy6BmE0bsJypU1pxohaA8lQCgp70NUI3uzA==",
            "dev": true,
            "dependencies": {
                "@discordjs/collection": "^1.3.0",
                "@discordjs/util": "^0.1.0",
                "@sapphire/async-queue": "^1.5.0",
                "@sapphire/snowflake": "^3.2.2",
                "discord-api-types": "^0.37.23",
                "file-type": "^18.0.0",
                "tslib": "^2.4.1",
                "undici": "^5.13.0"
            },
            "engines": {
                "node": ">=16.9.0"
            }
        },
        "node_modules/@discordjs/util": {
            "version": "0.1.0",
            "resolved": "https://registry.npmjs.org/@discordjs/util/-/util-0.1.0.tgz",
            "integrity": "sha512-e7d+PaTLVQav6rOc2tojh2y6FE8S7REkqLldq1XF4soCx74XB/DIjbVbVLtBemf0nLW77ntz0v+o5DytKwFNLQ==",
            "dev": true,
            "engines": {
                "node": ">=16.9.0"
            }
        },
        "node_modules/@jridgewell/resolve-uri": {
            "version": "3.1.0",
            "resolved": "https://registry.npmjs.org/@jridgewell/resolve-uri/-/resolve-uri-3.1.0.tgz",
            "integrity": "sha512-F2msla3tad+Mfht5cJq7LSXcdudKTWCVYUgw6pLFOOHSTtZlj6SWNYAp+AhuqLmWdBO2X5hPrLcu8cVP8fy28w==",
            "dev": true,
            "engines": {
                "node": ">=6.0.0"
            }
        },
        "node_modules/@jridgewell/sourcemap-codec": {
            "version": "1.4.14",
            "resolved": "https://registry.npmjs.org/@jridgewell/sourcemap-codec/-/sourcemap-codec-1.4.14.tgz",
            "integrity": "sha512-XPSJHWmi394fuUuzDnGz1wiKqWfo1yXecHQMRf2l6hztTO+nPru658AyDngaBe7isIxEkRsPR3FZh+s7iVa4Uw==",
            "dev": true
        },
        "node_modules/@jridgewell/trace-mapping": {
            "version": "0.3.9",
            "resolved": "https://registry.npmjs.org/@jridgewell/trace-mapping/-/trace-mapping-0.3.9.tgz",
            "integrity": "sha512-3Belt6tdc8bPgAtbcmdtNJlirVoTmEb5e2gC94PnkwEW9jI6CAHUeoG85tjWP5WquqfavoMtMwiG4P926ZKKuQ==",
            "dev": true,
            "dependencies": {
                "@jridgewell/resolve-uri": "^3.0.3",
                "@jridgewell/sourcemap-codec": "^1.4.10"
            }
        },
        "node_modules/@sapphire/async-queue": {
            "version": "1.5.0",
            "resolved": "https://registry.npmjs.org/@sapphire/async-queue/-/async-queue-1.5.0.tgz",
            "integrity": "sha512-JkLdIsP8fPAdh9ZZjrbHWR/+mZj0wvKS5ICibcLrRI1j84UmLMshx5n9QmL8b95d4onJ2xxiyugTgSAX7AalmA==",
            "dev": true,
            "engines": {
                "node": ">=v14.0.0",
                "npm": ">=7.0.0"
            }
        },
        "node_modules/@sapphire/shapeshift": {
            "version": "3.8.1",
            "resolved": "https://registry.npmjs.org/@sapphire/shapeshift/-/shapeshift-3.8.1.tgz",
            "integrity": "sha512-xG1oXXBhCjPKbxrRTlox9ddaZTvVpOhYLmKmApD/vIWOV1xEYXnpoFs68zHIZBGbqztq6FrUPNPerIrO1Hqeaw==",
            "dev": true,
            "dependencies": {
                "fast-deep-equal": "^3.1.3",
                "lodash": "^4.17.21"
            },
            "engines": {
                "node": ">=v14.0.0",
                "npm": ">=7.0.0"
            }
        },
        "node_modules/@sapphire/snowflake": {
            "version": "3.3.0",
            "resolved": "https://registry.npmjs.org/@sapphire/snowflake/-/snowflake-3.3.0.tgz",
            "integrity": "sha512-Hec5N6zEkZuZFLybVKyLFLlcSgYmR6C1/+9NkIhxPwOf6tgX52ndJCSz8ADejmbrNE0VuNCNkpzhRZzenEC9vA==",
            "dev": true,
            "engines": {
                "node": ">=v14.0.0",
                "npm": ">=7.0.0"
            }
        },
        "node_modules/@tokenizer/token": {
            "version": "0.3.0",
            "resolved": "https://registry.npmjs.org/@tokenizer/token/-/token-0.3.0.tgz",
            "integrity": "sha512-OvjF+z51L3ov0OyAU0duzsYuvO01PH7x4t6DJx+guahgTnBHkhJdG7soQeTSFLWN3efnHyibZ4Z8l2EuWwJN3A==",
            "dev": true
        },
        "node_modules/@tsconfig/node10": {
            "version": "1.0.9",
            "resolved": "https://registry.npmjs.org/@tsconfig/node10/-/node10-1.0.9.tgz",
            "integrity": "sha512-jNsYVVxU8v5g43Erja32laIDHXeoNvFEpX33OK4d6hljo3jDhCBDhx5dhCCTMWUojscpAagGiRkBKxpdl9fxqA==",
            "dev": true
        },
        "node_modules/@tsconfig/node12": {
            "version": "1.0.11",
            "resolved": "https://registry.npmjs.org/@tsconfig/node12/-/node12-1.0.11.tgz",
            "integrity": "sha512-cqefuRsh12pWyGsIoBKJA9luFu3mRxCA+ORZvA4ktLSzIuCUtWVxGIuXigEwO5/ywWFMZ2QEGKWvkZG1zDMTag==",
            "dev": true
        },
        "node_modules/@tsconfig/node14": {
            "version": "1.0.3",
            "resolved": "https://registry.npmjs.org/@tsconfig/node14/-/node14-1.0.3.tgz",
            "integrity": "sha512-ysT8mhdixWK6Hw3i1V2AeRqZ5WfXg1G43mqoYlM2nc6388Fq5jcXyr5mRsqViLx/GJYdoL0bfXD8nmF+Zn/Iow==",
            "dev": true
        },
        "node_modules/@tsconfig/node16": {
            "version": "1.0.3",
            "resolved": "https://registry.npmjs.org/@tsconfig/node16/-/node16-1.0.3.tgz",
            "integrity": "sha512-yOlFc+7UtL/89t2ZhjPvvB/DeAr3r+Dq58IgzsFkOAvVC6NMJXmCGjbptdXdR9qsX7pKcTL+s87FtYREi2dEEQ==",
            "dev": true
        },
        "node_modules/@types/node": {
            "version": "18.11.17",
            "resolved": "https://registry.npmjs.org/@types/node/-/node-18.11.17.tgz",
            "integrity": "sha512-HJSUJmni4BeDHhfzn6nF0sVmd1SMezP7/4F0Lq+aXzmp2xm9O7WXrUtHW/CHlYVtZUbByEvWidHqRtcJXGF2Ng==",
            "dev": true
        },
        "node_modules/@types/ws": {
            "version": "8.5.3",
            "resolved": "https://registry.npmjs.org/@types/ws/-/ws-8.5.3.tgz",
            "integrity": "sha512-6YOoWjruKj1uLf3INHH7D3qTXwFfEsg1kf3c0uDdSBJwfa/llkwIjrAGV7j7mVgGNbzTQ3HiHKKDXl6bJPD97w==",
            "dev": true,
            "dependencies": {
                "@types/node": "*"
            }
        },
        "node_modules/acorn": {
            "version": "8.8.1",
            "resolved": "https://registry.npmjs.org/acorn/-/acorn-8.8.1.tgz",
            "integrity": "sha512-7zFpHzhnqYKrkYdUjF1HI1bzd0VygEGX8lFk4k5zVMqHEoES+P+7TKI+EvLO9WVMJ8eekdO0aDEK044xTXwPPA==",
            "dev": true,
            "bin": {
                "acorn": "bin/acorn"
            },
            "engines": {
                "node": ">=0.4.0"
            }
        },
        "node_modules/acorn-walk": {
            "version": "8.2.0",
            "resolved": "https://registry.npmjs.org/acorn-walk/-/acorn-walk-8.2.0.tgz",
            "integrity": "sha512-k+iyHEuPgSw6SbuDpGQM+06HQUa04DZ3o+F6CSzXMvvI5KMvnaEqXe+YVe555R9nn6GPt404fos4wcgpw12SDA==",
            "dev": true,
            "engines": {
                "node": ">=0.4.0"
            }
        },
        "node_modules/arg": {
            "version": "4.1.3",
            "resolved": "https://registry.npmjs.org/arg/-/arg-4.1.3.tgz",
            "integrity": "sha512-58S9QDqG0Xx27YwPSt9fJxivjYl432YCwfDMfZ+71RAqUrZef7LrKQZ3LHLOwCS4FLNBplP533Zx895SeOCHvA==",
            "dev": true
        },
        "node_modules/busboy": {
            "version": "1.6.0",
            "resolved": "https://registry.npmjs.org/busboy/-/busboy-1.6.0.tgz",
            "integrity": "sha512-8SFQbg/0hQ9xy3UNTB0YEnsNBbWfhf7RtnzpL7TkBiTBRfrQ9Fxcnz7VJsleJpyp6rVLvXiuORqjlHi5q+PYuA==",
            "dev": true,
            "dependencies": {
                "streamsearch": "^1.1.0"
            },
            "engines": {
                "node": ">=10.16.0"
            }
        },
        "node_modules/create-require": {
            "version": "1.1.1",
            "resolved": "https://registry.npmjs.org/create-require/-/create-require-1.1.1.tgz",
            "integrity": "sha512-dcKFX3jn0MpIaXjisoRvexIJVEKzaq7z2rZKxf+MSr9TkdmHmsU4m2lcLojrj/FHl8mk5VxMmYA+ftRkP/3oKQ==",
            "dev": true
        },
        "node_modules/diff": {
            "version": "4.0.2",
            "resolved": "https://registry.npmjs.org/diff/-/diff-4.0.2.tgz",
            "integrity": "sha512-58lmxKSA4BNyLz+HHMUzlOEpg09FV+ev6ZMe3vJihgdxzgcwZ8VoEEPmALCZG9LmqfVoNMMKpttIYTVG6uDY7A==",
            "dev": true,
            "engines": {
                "node": ">=0.3.1"
            }
        },
        "node_modules/discord-api-types": {
            "version": "0.37.24",
            "resolved": "https://registry.npmjs.org/discord-api-types/-/discord-api-types-0.37.24.tgz",
            "integrity": "sha512-1+Fb4huJCihdbkJLcq2p7nBmtlmAryNwjefT8wwJnL8c7bc7WA87Oaa5mbLe96QvZyfwnwRCDX40H0HhcVV50g==",
            "dev": true
        },
        "node_modules/discord.js": {
            "version": "14.7.1",
            "resolved": "https://registry.npmjs.org/discord.js/-/discord.js-14.7.1.tgz",
            "integrity": "sha512-1FECvqJJjjeYcjSm0IGMnPxLqja/pmG1B0W2l3lUY2Gi4KXiyTeQmU1IxWcbXHn2k+ytP587mMWqva2IA87EbA==",
            "dev": true,
            "dependencies": {
                "@discordjs/builders": "^1.4.0",
                "@discordjs/collection": "^1.3.0",
                "@discordjs/rest": "^1.4.0",
                "@discordjs/util": "^0.1.0",
                "@sapphire/snowflake": "^3.2.2",
                "@types/ws": "^8.5.3",
                "discord-api-types": "^0.37.20",
                "fast-deep-equal": "^3.1.3",
                "lodash.snakecase": "^4.1.1",
                "tslib": "^2.4.1",
                "undici": "^5.13.0",
                "ws": "^8.11.0"
            },
            "engines": {
                "node": ">=16.9.0"
            }
        },
        "node_modules/fast-deep-equal": {
            "version": "3.1.3",
            "resolved": "https://registry.npmjs.org/fast-deep-equal/-/fast-deep-equal-3.1.3.tgz",
            "integrity": "sha512-f3qQ9oQy9j2AhBe/H9VC91wLmKBCCU/gDOnKNAYG5hswO7BLKj09Hc5HYNz9cGI++xlpDCIgDaitVs03ATR84Q==",
            "dev": true
        },
        "node_modules/file-type": {
            "version": "18.0.0",
            "resolved": "https://registry.npmjs.org/file-type/-/file-type-18.0.0.tgz",
            "integrity": "sha512-jjMwFpnW8PKofLE/4ohlhqwDk5k0NC6iy0UHAJFKoY1fQeGMN0GDdLgHQrvCbSpMwbqzoCZhRI5dETCZna5qVA==",
            "dev": true,
            "dependencies": {
                "readable-web-to-node-stream": "^3.0.2",
                "strtok3": "^7.0.0",
                "token-types": "^5.0.1"
            },
            "engines": {
                "node": ">=14.16"
            },
            "funding": {
                "url": "https://github.com/sindresorhus/file-type?sponsor=1"
            }
        },
        "node_modules/ieee754": {
            "version": "1.2.1",
            "resolved": "https://registry.npmjs.org/ieee754/-/ieee754-1.2.1.tgz",
            "integrity": "sha512-dcyqhDvX1C46lXZcVqCpK+FtMRQVdIMN6/Df5js2zouUsqG7I6sFxitIC+7KYK29KdXOLHdu9zL4sFnoVQnqaA==",
            "dev": true,
            "funding": [
                {
                    "type": "github",
                    "url": "https://github.com/sponsors/feross"
                },
                {
                    "type": "patreon",
                    "url": "https://www.patreon.com/feross"
                },
                {
                    "type": "consulting",
                    "url": "https://feross.org/support"
                }
            ]
        },
        "node_modules/inherits": {
            "version": "2.0.4",
            "resolved": "https://registry.npmjs.org/inherits/-/inherits-2.0.4.tgz",
            "integrity": "sha512-k/vGaX4/Yla3WzyMCvTQOXYeIHvqOKtnqBduzTHpzpQZzAskKMhZ2K+EnBiSM9zGSoIFeMpXKxa4dYeZIQqewQ==",
            "dev": true
        },
        "node_modules/lodash": {
            "version": "4.17.21",
            "resolved": "https://registry.npmjs.org/lodash/-/lodash-4.17.21.tgz",
            "integrity": "sha512-v2kDEe57lecTulaDIuNTPy3Ry4gLGJ6Z1O3vE1krgXZNrsQ+LFTGHVxVjcXPs17LhbZVGedAJv8XZ1tvj5FvSg==",
            "dev": true
        },
        "node_modules/lodash.snakecase": {
            "version": "4.1.1",
            "resolved": "https://registry.npmjs.org/lodash.snakecase/-/lodash.snakecase-4.1.1.tgz",
            "integrity": "sha512-QZ1d4xoBHYUeuouhEq3lk3Uq7ldgyFXGBhg04+oRLnIz8o9T65Eh+8YdroUwn846zchkA9yDsDl5CVVaV2nqYw==",
            "dev": true
        },
        "node_modules/make-error": {
            "version": "1.3.6",
            "resolved": "https://registry.npmjs.org/make-error/-/make-error-1.3.6.tgz",
            "integrity": "sha512-s8UhlNe7vPKomQhC1qFelMokr/Sc3AgNbso3n74mVPA5LTZwkB9NlXf4XPamLxJE8h0gh73rM94xvwRT2CVInw==",
            "dev": true
        },
        "node_modules/peek-readable": {
            "version": "5.0.0",
            "resolved": "https://registry.npmjs.org/peek-readable/-/peek-readable-5.0.0.tgz",
            "integrity": "sha512-YtCKvLUOvwtMGmrniQPdO7MwPjgkFBtFIrmfSbYmYuq3tKDV/mcfAhBth1+C3ru7uXIZasc/pHnb+YDYNkkj4A==",
            "dev": true,
            "engines": {
                "node": ">=14.16"
            },
            "funding": {
                "type": "github",
                "url": "https://github.com/sponsors/Borewit"
            }
        },
        "node_modules/readable-stream": {
            "version": "3.6.0",
            "resolved": "https://registry.npmjs.org/readable-stream/-/readable-stream-3.6.0.tgz",
            "integrity": "sha512-BViHy7LKeTz4oNnkcLJ+lVSL6vpiFeX6/d3oSH8zCW7UxP2onchk+vTGB143xuFjHS3deTgkKoXXymXqymiIdA==",
            "dev": true,
            "dependencies": {
                "inherits": "^2.0.3",
                "string_decoder": "^1.1.1",
                "util-deprecate": "^1.0.1"
            },
            "engines": {
                "node": ">= 6"
            }
        },
        "node_modules/readable-web-to-node-stream": {
            "version": "3.0.2",
            "resolved": "https://registry.npmjs.org/readable-web-to-node-stream/-/readable-web-to-node-stream-3.0.2.tgz",
            "integrity": "sha512-ePeK6cc1EcKLEhJFt/AebMCLL+GgSKhuygrZ/GLaKZYEecIgIECf4UaUuaByiGtzckwR4ain9VzUh95T1exYGw==",
            "dev": true,
            "dependencies": {
                "readable-stream": "^3.6.0"
            },
            "engines": {
                "node": ">=8"
            },
            "funding": {
                "type": "github",
                "url": "https://github.com/sponsors/Borewit"
            }
        },
        "node_modules/safe-buffer": {
            "version": "5.2.1",
            "resolved": "https://registry.npmjs.org/safe-buffer/-/safe-buffer-5.2.1.tgz",
            "integrity": "sha512-rp3So07KcdmmKbGvgaNxQSJr7bGVSVk5S9Eq1F+ppbRo70+YeaDxkw5Dd8NPN+GD6bjnYm2VuPuCXmpuYvmCXQ==",
            "dev": true,
            "funding": [
                {
                    "type": "github",
                    "url": "https://github.com/sponsors/feross"
                },
                {
                    "type": "patreon",
                    "url": "https://www.patreon.com/feross"
                },
                {
                    "type": "consulting",
                    "url": "https://feross.org/support"
                }
            ]
        },
        "node_modules/streamsearch": {
            "version": "1.1.0",
            "resolved": "https://registry.npmjs.org/streamsearch/-/streamsearch-1.1.0.tgz",
            "integrity": "sha512-Mcc5wHehp9aXz1ax6bZUyY5afg9u2rv5cqQI3mRrYkGC8rW2hM02jWuwjtL++LS5qinSyhj2QfLyNsuc+VsExg==",
            "dev": true,
            "engines": {
                "node": ">=10.0.0"
            }
        },
        "node_modules/string_decoder": {
            "version": "1.3.0",
            "resolved": "https://registry.npmjs.org/string_decoder/-/string_decoder-1.3.0.tgz",
            "integrity": "sha512-hkRX8U1WjJFd8LsDJ2yQ/wWWxaopEsABU1XfkM8A+j0+85JAGppt16cr1Whg6KIbb4okU6Mql6BOj+uup/wKeA==",
            "dev": true,
            "dependencies": {
                "safe-buffer": "~5.2.0"
            }
        },
        "node_modules/strtok3": {
            "version": "7.0.0",
            "resolved": "https://registry.npmjs.org/strtok3/-/strtok3-7.0.0.tgz",
            "integrity": "sha512-pQ+V+nYQdC5H3Q7qBZAz/MO6lwGhoC2gOAjuouGf/VO0m7vQRh8QNMl2Uf6SwAtzZ9bOw3UIeBukEGNJl5dtXQ==",
            "dev": true,
            "dependencies": {
                "@tokenizer/token": "^0.3.0",
                "peek-readable": "^5.0.0"
            },
            "engines": {
                "node": ">=14.16"
            },
            "funding": {
                "type": "github",
                "url": "https://github.com/sponsors/Borewit"
            }
        },
        "node_modules/token-types": {
            "version": "5.0.1",
            "resolved": "https://registry.npmjs.org/token-types/-/token-types-5.0.1.tgz",
            "integrity": "sha512-Y2fmSnZjQdDb9W4w4r1tswlMHylzWIeOKpx0aZH9BgGtACHhrk3OkT52AzwcuqTRBZtvvnTjDBh8eynMulu8Vg==",
            "dev": true,
            "dependencies": {
                "@tokenizer/token": "^0.3.0",
                "ieee754": "^1.2.1"
            },
            "engines": {
                "node": ">=14.16"
            },
            "funding": {
                "type": "github",
                "url": "https://github.com/sponsors/Borewit"
            }
        },
        "node_modules/ts-mixer": {
            "version": "6.0.2",
            "resolved": "https://registry.npmjs.org/ts-mixer/-/ts-mixer-6.0.2.tgz",
            "integrity": "sha512-zvHx3VM83m2WYCE8XL99uaM7mFwYSkjR2OZti98fabHrwkjsCvgwChda5xctein3xGOyaQhtTeDq/1H/GNvF3A==",
            "dev": true
        },
        "node_modules/ts-node": {
            "version": "10.9.1",
            "resolved": "https://registry.npmjs.org/ts-node/-/ts-node-10.9.1.tgz",
            "integrity": "sha512-NtVysVPkxxrwFGUUxGYhfux8k78pQB3JqYBXlLRZgdGUqTO5wU/UyHop5p70iEbGhB7q5KmiZiU0Y3KlJrScEw==",
            "dev": true,
            "dependencies": {
                "@cspotcode/source-map-support": "^0.8.0",
                "@tsconfig/node10": "^1.0.7",
                "@tsconfig/node12": "^1.0.7",
                "@tsconfig/node14": "^1.0.0",
                "@tsconfig/node16": "^1.0.2",
                "acorn": "^8.4.1",
                "acorn-walk": "^8.1.1",
                "arg": "^4.1.0",
                "create-require": "^1.1.0",
                "diff": "^4.0.1",
                "make-error": "^1.1.1",
                "v8-compile-cache-lib": "^3.0.1",
                "yn": "3.1.1"
            },
            "bin": {
                "ts-node": "dist/bin.js",
                "ts-node-cwd": "dist/bin-cwd.js",
                "ts-node-esm": "dist/bin-esm.js",
                "ts-node-script": "dist/bin-script.js",
                "ts-node-transpile-only": "dist/bin-transpile.js",
                "ts-script": "dist/bin-script-deprecated.js"
            },
            "peerDependencies": {
                "@swc/core": ">=1.2.50",
                "@swc/wasm": ">=1.2.50",
                "@types/node": "*",
                "typescript": ">=2.7"
            },
            "peerDependenciesMeta": {
                "@swc/core": {
                    "optional": true
                },
                "@swc/wasm": {
                    "optional": true
                }
            }
        },
        "node_modules/tslib": {
            "version": "2.4.1",
            "resolved": "https://registry.npmjs.org/tslib/-/tslib-2.4.1.tgz",
            "integrity": "sha512-tGyy4dAjRIEwI7BzsB0lynWgOpfqjUdq91XXAlIWD2OwKBH7oCl/GZG/HT4BOHrTlPMOASlMQ7veyTqpmRcrNA==",
            "dev": true
        },
        "node_modules/typescript": {
            "version": "4.9.4",
            "resolved": "https://registry.npmjs.org/typescript/-/typescript-4.9.4.tgz",
            "integrity": "sha512-Uz+dTXYzxXXbsFpM86Wh3dKCxrQqUcVMxwU54orwlJjOpO3ao8L7j5lH+dWfTwgCwIuM9GQ2kvVotzYJMXTBZg==",
            "dev": true,
            "bin": {
                "tsc": "bin/tsc",
                "tsserver": "bin/tsserver"
            },
            "engines": {
                "node": ">=4.2.0"
            }
        },
        "node_modules/undici": {
            "version": "5.14.0",
            "resolved": "https://registry.npmjs.org/undici/-/undici-5.14.0.tgz",
            "integrity": "sha512-yJlHYw6yXPPsuOH0x2Ib1Km61vu4hLiRRQoafs+WUgX1vO64vgnxiCEN9dpIrhZyHFsai3F0AEj4P9zy19enEQ==",
            "dev": true,
            "dependencies": {
                "busboy": "^1.6.0"
            },
            "engines": {
                "node": ">=12.18"
            }
        },
        "node_modules/util-deprecate": {
            "version": "1.0.2",
            "resolved": "https://registry.npmjs.org/util-deprecate/-/util-deprecate-1.0.2.tgz",
            "integrity": "sha512-EPD5q1uXyFxJpCrLnCc1nHnq3gOa6DZBocAIiI2TaSCA7VCJ1UJDMagCzIkXNsUYfD1daK//LTEQ8xiIbrHtcw==",
            "dev": true
        },
        "node_modules/v8-compile-cache-lib": {
            "version": "3.0.1",
            "resolved": "https://registry.npmjs.org/v8-compile-cache-lib/-/v8-compile-cache-lib-3.0.1.tgz",
            "integrity": "sha512-wa7YjyUGfNZngI/vtK0UHAN+lgDCxBPCylVXGp0zu59Fz5aiGtNXaq3DhIov063MorB+VfufLh3JlF2KdTK3xg==",
            "dev": true
        },
        "node_modules/ws": {
            "version": "8.11.0",
            "resolved": "https://registry.npmjs.org/ws/-/ws-8.11.0.tgz",
            "integrity": "sha512-HPG3wQd9sNQoT9xHyNCXoDUa+Xw/VevmY9FoHyQ+g+rrMn4j6FB4np7Z0OhdTgjx6MgQLK7jwSy1YecU1+4Asg==",
            "dev": true,
            "engines": {
                "node": ">=10.0.0"
            },
            "peerDependencies": {
                "bufferutil": "^4.0.1",
                "utf-8-validate": "^5.0.2"
            },
            "peerDependenciesMeta": {
                "bufferutil": {
                    "optional": true
                },
                "utf-8-validate": {
                    "optional": true
                }
            }
        },
        "node_modules/yn": {
            "version": "3.1.1",
            "resolved": "https://registry.npmjs.org/yn/-/yn-3.1.1.tgz",
            "integrity": "sha512-Ux4ygGWsu2c7isFWe8Yu1YluJmqVhxqK2cLXNQA5AcC3QfbGNpM7fu0Y8b/z16pXLnFxZYvWhd3fhBY9DLmC6Q==",
            "dev": true,
            "engines": {
                "node": ">=6"
            }
        }
    },
    "dependencies": {
        "@cspotcode/source-map-support": {
            "version": "0.8.1",
            "resolved": "https://registry.npmjs.org/@cspotcode/source-map-support/-/source-map-support-0.8.1.tgz",
            "integrity": "sha512-IchNf6dN4tHoMFIn/7OE8LWZ19Y6q/67Bmf6vnGREv8RSbBVb9LPJxEcnwrcwX6ixSvaiGoomAUvu4YSxXrVgw==",
            "dev": true,
            "requires": {
                "@jridgewell/trace-mapping": "0.3.9"
            }
        },
        "@discordjs/builders": {
            "version": "1.4.0",
            "resolved": "https://registry.npmjs.org/@discordjs/builders/-/builders-1.4.0.tgz",
            "integrity": "sha512-nEeTCheTTDw5kO93faM1j8ZJPonAX86qpq/QVoznnSa8WWcCgJpjlu6GylfINTDW6o7zZY0my2SYdxx2mfNwGA==",
            "dev": true,
            "requires": {
                "@discordjs/util": "^0.1.0",
                "@sapphire/shapeshift": "^3.7.1",
                "discord-api-types": "^0.37.20",
                "fast-deep-equal": "^3.1.3",
                "ts-mixer": "^6.0.2",
                "tslib": "^2.4.1"
            }
        },
        "@discordjs/collection": {
            "version": "1.3.0",
            "resolved": "https://registry.npmjs.org/@discordjs/collection/-/collection-1.3.0.tgz",
            "integrity": "sha512-ylt2NyZ77bJbRij4h9u/wVy7qYw/aDqQLWnadjvDqW/WoWCxrsX6M3CIw9GVP5xcGCDxsrKj5e0r5evuFYwrKg==",
            "dev": true
        },
        "@discordjs/rest": {
            "version": "1.5.0",
            "resolved": "https://registry.npmjs.org/@discordjs/rest/-/rest-1.5.0.tgz",
            "integrity": "sha512-lXgNFqHnbmzp5u81W0+frdXN6Etf4EUi8FAPcWpSykKd8hmlWh1xy6BmE0bsJypU1pxohaA8lQCgp70NUI3uzA==",
            "dev": true,
            "requires": {
                "@discordjs/collection": "^1.3.0",
                "@discordjs/util": "^0.1.0",
                "@sapphire/async-queue": "^1.5.0",
                "@sapphire/snowflake": "^3.2.2",
                "discord-api-types": "^0.37.23",
                "file-type": "^18.0.0",
                "tslib": "^2.4.1",
                "undici": "^5.13.0"
            }
        },
        "@discordjs/util": {
            "version": "0.1.0",
            "resolved": "https://registry.npmjs.org/@discordjs/util/-/util-0.1.0.tgz",
            "integrity": "sha512-e7d+PaTLVQav6rOc2tojh2y6FE8S7REkqLldq1XF4soCx74XB/DIjbVbVLtBemf0nLW77ntz0v+o5DytKwFNLQ==",
            "dev": true
        },
        "@jridgewell/resolve-uri": {
            "version": "3.1.0",
            "resolved": "https://registry.npmjs.org/@jridgewell/resolve-uri/-/resolve-uri-3.1.0.tgz",
            "integrity": "sha512-F2msla3tad+Mfht5cJq7LSXcdudKTWCVYUgw6pLFOOHSTtZlj6SWNYAp+AhuqLmWdBO2X5hPrLcu8cVP8fy28w==",
            "dev": true
        },
        "@jridgewell/sourcemap-codec": {
            "version": "1.4.14",
            "resolved": "https://registry.npmjs.org/@jridgewell/sourcemap-codec/-/sourcemap-codec-1.4.14.tgz",
            "integrity": "sha512-XPSJHWmi394fuUuzDnGz1wiKqWfo1yXecHQMRf2l6hztTO+nPru658AyDngaBe7isIxEkRsPR3FZh+s7iVa4Uw==",
            "dev": true
        },
        "@jridgewell/trace-mapping": {
            "version": "0.3.9",
            "resolved": "https://registry.npmjs.org/@jridgewell/trace-mapping/-/trace-mapping-0.3.9.tgz",
            "integrity": "sha512-3Belt6tdc8bPgAtbcmdtNJlirVoTmEb5e2gC94PnkwEW9jI6CAHUeoG85tjWP5WquqfavoMtMwiG4P926ZKKuQ==",
            "dev": true,
            "requires": {
                "@jridgewell/resolve-uri": "^3.0.3",
                "@jridgewell/sourcemap-codec": "^1.4.10"
            }
        },
        "@sapphire/async-queue": {
            "version": "1.5.0",
            "resolved": "https://registry.npmjs.org/@sapphire/async-queue/-/async-queue-1.5.0.tgz",
            "integrity": "sha512-JkLdIsP8fPAdh9ZZjrbHWR/+mZj0wvKS5ICibcLrRI1j84UmLMshx5n9QmL8b95d4onJ2xxiyugTgSAX7AalmA==",
            "dev": true
        },
        "@sapphire/shapeshift": {
            "version": "3.8.1",
            "resolved": "https://registry.npmjs.org/@sapphire/shapeshift/-/shapeshift-3.8.1.tgz",
            "integrity": "sha512-xG1oXXBhCjPKbxrRTlox9ddaZTvVpOhYLmKmApD/vIWOV1xEYXnpoFs68zHIZBGbqztq6FrUPNPerIrO1Hqeaw==",
            "dev": true,
            "requires": {
                "fast-deep-equal": "^3.1.3",
                "lodash": "^4.17.21"
            }
        },
        "@sapphire/snowflake": {
            "version": "3.3.0",
            "resolved": "https://registry.npmjs.org/@sapphire/snowflake/-/snowflake-3.3.0.tgz",
            "integrity": "sha512-Hec5N6zEkZuZFLybVKyLFLlcSgYmR6C1/+9NkIhxPwOf6tgX52ndJCSz8ADejmbrNE0VuNCNkpzhRZzenEC9vA==",
            "dev": true
        },
        "@tokenizer/token": {
            "version": "0.3.0",
            "resolved": "https://registry.npmjs.org/@tokenizer/token/-/token-0.3.0.tgz",
            "integrity": "sha512-OvjF+z51L3ov0OyAU0duzsYuvO01PH7x4t6DJx+guahgTnBHkhJdG7soQeTSFLWN3efnHyibZ4Z8l2EuWwJN3A==",
            "dev": true
        },
        "@tsconfig/node10": {
            "version": "1.0.9",
            "resolved": "https://registry.npmjs.org/@tsconfig/node10/-/node10-1.0.9.tgz",
            "integrity": "sha512-jNsYVVxU8v5g43Erja32laIDHXeoNvFEpX33OK4d6hljo3jDhCBDhx5dhCCTMWUojscpAagGiRkBKxpdl9fxqA==",
            "dev": true
        },
        "@tsconfig/node12": {
            "version": "1.0.11",
            "resolved": "https://registry.npmjs.org/@tsconfig/node12/-/node12-1.0.11.tgz",
            "integrity": "sha512-cqefuRsh12pWyGsIoBKJA9luFu3mRxCA+ORZvA4ktLSzIuCUtWVxGIuXigEwO5/ywWFMZ2QEGKWvkZG1zDMTag==",
            "dev": true
        },
        "@tsconfig/node14": {
            "version": "1.0.3",
            "resolved": "https://registry.npmjs.org/@tsconfig/node14/-/node14-1.0.3.tgz",
            "integrity": "sha512-ysT8mhdixWK6Hw3i1V2AeRqZ5WfXg1G43mqoYlM2nc6388Fq5jcXyr5mRsqViLx/GJYdoL0bfXD8nmF+Zn/Iow==",
            "dev": true
        },
        "@tsconfig/node16": {
            "version": "1.0.3",
            "resolved": "https://registry.npmjs.org/@tsconfig/node16/-/node16-1.0.3.tgz",
            "integrity": "sha512-yOlFc+7UtL/89t2ZhjPvvB/DeAr3r+Dq58IgzsFkOAvVC6NMJXmCGjbptdXdR9qsX7pKcTL+s87FtYREi2dEEQ==",
            "dev": true
        },
        "@types/node": {
            "version": "18.11.17",
            "resolved": "https://registry.npmjs.org/@types/node/-/node-18.11.17.tgz",
            "integrity": "sha512-HJSUJmni4BeDHhfzn6nF0sVmd1SMezP7/4F0Lq+aXzmp2xm9O7WXrUtHW/CHlYVtZUbByEvWidHqRtcJXGF2Ng==",
            "dev": true
        },
        "@types/ws": {
            "version": "8.5.3",
            "resolved": "https://registry.npmjs.org/@types/ws/-/ws-8.5.3.tgz",
            "integrity": "sha512-6YOoWjruKj1uLf3INHH7D3qTXwFfEsg1kf3c0uDdSBJwfa/llkwIjrAGV7j7mVgGNbzTQ3HiHKKDXl6bJPD97w==",
            "dev": true,
            "requires": {
                "@types/node": "*"
            }
        },
        "acorn": {
            "version": "8.8.1",
            "resolved": "https://registry.npmjs.org/acorn/-/acorn-8.8.1.tgz",
            "integrity": "sha512-7zFpHzhnqYKrkYdUjF1HI1bzd0VygEGX8lFk4k5zVMqHEoES+P+7TKI+EvLO9WVMJ8eekdO0aDEK044xTXwPPA==",
            "dev": true
        },
        "acorn-walk": {
            "version": "8.2.0",
            "resolved": "https://registry.npmjs.org/acorn-walk/-/acorn-walk-8.2.0.tgz",
            "integrity": "sha512-k+iyHEuPgSw6SbuDpGQM+06HQUa04DZ3o+F6CSzXMvvI5KMvnaEqXe+YVe555R9nn6GPt404fos4wcgpw12SDA==",
            "dev": true
        },
        "arg": {
            "version": "4.1.3",
            "resolved": "https://registry.npmjs.org/arg/-/arg-4.1.3.tgz",
            "integrity": "sha512-58S9QDqG0Xx27YwPSt9fJxivjYl432YCwfDMfZ+71RAqUrZef7LrKQZ3LHLOwCS4FLNBplP533Zx895SeOCHvA==",
            "dev": true
        },
        "busboy": {
            "version": "1.6.0",
            "resolved": "https://registry.npmjs.org/busboy/-/busboy-1.6.0.tgz",
            "integrity": "sha512-8SFQbg/0hQ9xy3UNTB0YEnsNBbWfhf7RtnzpL7TkBiTBRfrQ9Fxcnz7VJsleJpyp6rVLvXiuORqjlHi5q+PYuA==",
            "dev": true,
            "requires": {
                "streamsearch": "^1.1.0"
            }
        },
        "create-require": {
            "version": "1.1.1",
            "resolved": "https://registry.npmjs.org/create-require/-/create-require-1.1.1.tgz",
            "integrity": "sha512-dcKFX3jn0MpIaXjisoRvexIJVEKzaq7z2rZKxf+MSr9TkdmHmsU4m2lcLojrj/FHl8mk5VxMmYA+ftRkP/3oKQ==",
            "dev": true
        },
        "diff": {
            "version": "4.0.2",
            "resolved": "https://registry.npmjs.org/diff/-/diff-4.0.2.tgz",
            "integrity": "sha512-58lmxKSA4BNyLz+HHMUzlOEpg09FV+ev6ZMe3vJihgdxzgcwZ8VoEEPmALCZG9LmqfVoNMMKpttIYTVG6uDY7A==",
            "dev": true
        },
        "discord-api-types": {
            "version": "0.37.24",
            "resolved": "https://registry.npmjs.org/discord-api-types/-/discord-api-types-0.37.24.tgz",
            "integrity": "sha512-1+Fb4huJCihdbkJLcq2p7nBmtlmAryNwjefT8wwJnL8c7bc7WA87Oaa5mbLe96QvZyfwnwRCDX40H0HhcVV50g==",
            "dev": true
        },
        "discord.js": {
            "version": "14.7.1",
            "resolved": "https://registry.npmjs.org/discord.js/-/discord.js-14.7.1.tgz",
            "integrity": "sha512-1FECvqJJjjeYcjSm0IGMnPxLqja/pmG1B0W2l3lUY2Gi4KXiyTeQmU1IxWcbXHn2k+ytP587mMWqva2IA87EbA==",
            "dev": true,
            "requires": {
                "@discordjs/builders": "^1.4.0",
                "@discordjs/collection": "^1.3.0",
                "@discordjs/rest": "^1.4.0",
                "@discordjs/util": "^0.1.0",
                "@sapphire/snowflake": "^3.2.2",
                "@types/ws": "^8.5.3",
                "discord-api-types": "^0.37.20",
                "fast-deep-equal": "^3.1.3",
                "lodash.snakecase": "^4.1.1",
                "tslib": "^2.4.1",
                "undici": "^5.13.0",
                "ws": "^8.11.0"
            }
        },
        "fast-deep-equal": {
            "version": "3.1.3",
            "resolved": "https://registry.npmjs.org/fast-deep-equal/-/fast-deep-equal-3.1.3.tgz",
            "integrity": "sha512-f3qQ9oQy9j2AhBe/H9VC91wLmKBCCU/gDOnKNAYG5hswO7BLKj09Hc5HYNz9cGI++xlpDCIgDaitVs03ATR84Q==",
            "dev": true
        },
        "file-type": {
            "version": "18.0.0",
            "resolved": "https://registry.npmjs.org/file-type/-/file-type-18.0.0.tgz",
            "integrity": "sha512-jjMwFpnW8PKofLE/4ohlhqwDk5k0NC6iy0UHAJFKoY1fQeGMN0GDdLgHQrvCbSpMwbqzoCZhRI5dETCZna5qVA==",
            "dev": true,
            "requires": {
                "readable-web-to-node-stream": "^3.0.2",
                "strtok3": "^7.0.0",
                "token-types": "^5.0.1"
            }
        },
        "ieee754": {
            "version": "1.2.1",
            "resolved": "https://registry.npmjs.org/ieee754/-/ieee754-1.2.1.tgz",
            "integrity": "sha512-dcyqhDvX1C46lXZcVqCpK+FtMRQVdIMN6/Df5js2zouUsqG7I6sFxitIC+7KYK29KdXOLHdu9zL4sFnoVQnqaA==",
            "dev": true
        },
        "inherits": {
            "version": "2.0.4",
            "resolved": "https://registry.npmjs.org/inherits/-/inherits-2.0.4.tgz",
            "integrity": "sha512-k/vGaX4/Yla3WzyMCvTQOXYeIHvqOKtnqBduzTHpzpQZzAskKMhZ2K+EnBiSM9zGSoIFeMpXKxa4dYeZIQqewQ==",
            "dev": true
        },
        "lodash": {
            "version": "4.17.21",
            "resolved": "https://registry.npmjs.org/lodash/-/lodash-4.17.21.tgz",
            "integrity": "sha512-v2kDEe57lecTulaDIuNTPy3Ry4gLGJ6Z1O3vE1krgXZNrsQ+LFTGHVxVjcXPs17LhbZVGedAJv8XZ1tvj5FvSg==",
            "dev": true
        },
        "lodash.snakecase": {
            "version": "4.1.1",
            "resolved": "https://registry.npmjs.org/lodash.snakecase/-/lodash.snakecase-4.1.1.tgz",
            "integrity": "sha512-QZ1d4xoBHYUeuouhEq3lk3Uq7ldgyFXGBhg04+oRLnIz8o9T65Eh+8YdroUwn846zchkA9yDsDl5CVVaV2nqYw==",
            "dev": true
        },
        "make-error": {
            "version": "1.3.6",
            "resolved": "https://registry.npmjs.org/make-error/-/make-error-1.3.6.tgz",
            "integrity": "sha512-s8UhlNe7vPKomQhC1qFelMokr/Sc3AgNbso3n74mVPA5LTZwkB9NlXf4XPamLxJE8h0gh73rM94xvwRT2CVInw==",
            "dev": true
        },
        "peek-readable": {
            "version": "5.0.0",
            "resolved": "https://registry.npmjs.org/peek-readable/-/peek-readable-5.0.0.tgz",
            "integrity": "sha512-YtCKvLUOvwtMGmrniQPdO7MwPjgkFBtFIrmfSbYmYuq3tKDV/mcfAhBth1+C3ru7uXIZasc/pHnb+YDYNkkj4A==",
            "dev": true
        },
        "readable-stream": {
            "version": "3.6.0",
            "resolved": "https://registry.npmjs.org/readable-stream/-/readable-stream-3.6.0.tgz",
            "integrity": "sha512-BViHy7LKeTz4oNnkcLJ+lVSL6vpiFeX6/d3oSH8zCW7UxP2onchk+vTGB143xuFjHS3deTgkKoXXymXqymiIdA==",
            "dev": true,
            "requires": {
                "inherits": "^2.0.3",
                "string_decoder": "^1.1.1",
                "util-deprecate": "^1.0.1"
            }
        },
        "readable-web-to-node-stream": {
            "version": "3.0.2",
            "resolved": "https://registry.npmjs.org/readable-web-to-node-stream/-/readable-web-to-node-stream-3.0.2.tgz",
            "integrity": "sha512-ePeK6cc1EcKLEhJFt/AebMCLL+GgSKhuygrZ/GLaKZYEecIgIECf4UaUuaByiGtzckwR4ain9VzUh95T1exYGw==",
            "dev": true,
            "requires": {
                "readable-stream": "^3.6.0"
            }
        },
        "safe-buffer": {
            "version": "5.2.1",
            "resolved": "https://registry.npmjs.org/safe-buffer/-/safe-buffer-5.2.1.tgz",
            "integrity": "sha512-rp3So07KcdmmKbGvgaNxQSJr7bGVSVk5S9Eq1F+ppbRo70+YeaDxkw5Dd8NPN+GD6bjnYm2VuPuCXmpuYvmCXQ==",
            "dev": true
        },
        "streamsearch": {
            "version": "1.1.0",
            "resolved": "https://registry.npmjs.org/streamsearch/-/streamsearch-1.1.0.tgz",
            "integrity": "sha512-Mcc5wHehp9aXz1ax6bZUyY5afg9u2rv5cqQI3mRrYkGC8rW2hM02jWuwjtL++LS5qinSyhj2QfLyNsuc+VsExg==",
            "dev": true
        },
        "string_decoder": {
            "version": "1.3.0",
            "resolved": "https://registry.npmjs.org/string_decoder/-/string_decoder-1.3.0.tgz",
            "integrity": "sha512-hkRX8U1WjJFd8LsDJ2yQ/wWWxaopEsABU1XfkM8A+j0+85JAGppt16cr1Whg6KIbb4okU6Mql6BOj+uup/wKeA==",
            "dev": true,
            "requires": {
                "safe-buffer": "~5.2.0"
            }
        },
        "strtok3": {
            "version": "7.0.0",
            "resolved": "https://registry.npmjs.org/strtok3/-/strtok3-7.0.0.tgz",
            "integrity": "sha512-pQ+V+nYQdC5H3Q7qBZAz/MO6lwGhoC2gOAjuouGf/VO0m7vQRh8QNMl2Uf6SwAtzZ9bOw3UIeBukEGNJl5dtXQ==",
            "dev": true,
            "requires": {
                "@tokenizer/token": "^0.3.0",
                "peek-readable": "^5.0.0"
            }
        },
        "token-types": {
            "version": "5.0.1",
            "resolved": "https://registry.npmjs.org/token-types/-/token-types-5.0.1.tgz",
            "integrity": "sha512-Y2fmSnZjQdDb9W4w4r1tswlMHylzWIeOKpx0aZH9BgGtACHhrk3OkT52AzwcuqTRBZtvvnTjDBh8eynMulu8Vg==",
            "dev": true,
            "requires": {
                "@tokenizer/token": "^0.3.0",
                "ieee754": "^1.2.1"
            }
        },
        "ts-mixer": {
            "version": "6.0.2",
            "resolved": "https://registry.npmjs.org/ts-mixer/-/ts-mixer-6.0.2.tgz",
            "integrity": "sha512-zvHx3VM83m2WYCE8XL99uaM7mFwYSkjR2OZti98fabHrwkjsCvgwChda5xctein3xGOyaQhtTeDq/1H/GNvF3A==",
            "dev": true
        },
        "ts-node": {
            "version": "10.9.1",
            "resolved": "https://registry.npmjs.org/ts-node/-/ts-node-10.9.1.tgz",
            "integrity": "sha512-NtVysVPkxxrwFGUUxGYhfux8k78pQB3JqYBXlLRZgdGUqTO5wU/UyHop5p70iEbGhB7q5KmiZiU0Y3KlJrScEw==",
            "dev": true,
            "requires": {
                "@cspotcode/source-map-support": "^0.8.0",
                "@tsconfig/node10": "^1.0.7",
                "@tsconfig/node12": "^1.0.7",
                "@tsconfig/node14": "^1.0.0",
                "@tsconfig/node16": "^1.0.2",
                "acorn": "^8.4.1",
                "acorn-walk": "^8.1.1",
                "arg": "^4.1.0",
                "create-require": "^1.1.0",
                "diff": "^4.0.1",
                "make-error": "^1.1.1",
                "v8-compile-cache-lib": "^3.0.1",
                "yn": "3.1.1"
            }
        },
        "tslib": {
            "version": "2.4.1",
            "resolved": "https://registry.npmjs.org/tslib/-/tslib-2.4.1.tgz",
            "integrity": "sha512-tGyy4dAjRIEwI7BzsB0lynWgOpfqjUdq91XXAlIWD2OwKBH7oCl/GZG/HT4BOHrTlPMOASlMQ7veyTqpmRcrNA==",
            "dev": true
        },
        "typescript": {
            "version": "4.9.4",
            "resolved": "https://registry.npmjs.org/typescript/-/typescript-4.9.4.tgz",
            "integrity": "sha512-Uz+dTXYzxXXbsFpM86Wh3dKCxrQqUcVMxwU54orwlJjOpO3ao8L7j5lH+dWfTwgCwIuM9GQ2kvVotzYJMXTBZg==",
            "dev": true
        },
        "undici": {
            "version": "5.14.0",
            "resolved": "https://registry.npmjs.org/undici/-/undici-5.14.0.tgz",
            "integrity": "sha512-yJlHYw6yXPPsuOH0x2Ib1Km61vu4hLiRRQoafs+WUgX1vO64vgnxiCEN9dpIrhZyHFsai3F0AEj4P9zy19enEQ==",
            "dev": true,
            "requires": {
                "busboy": "^1.6.0"
            }
        },
        "util-deprecate": {
            "version": "1.0.2",
            "resolved": "https://registry.npmjs.org/util-deprecate/-/util-deprecate-1.0.2.tgz",
            "integrity": "sha512-EPD5q1uXyFxJpCrLnCc1nHnq3gOa6DZBocAIiI2TaSCA7VCJ1UJDMagCzIkXNsUYfD1daK//LTEQ8xiIbrHtcw==",
            "dev": true
        },
        "v8-compile-cache-lib": {
            "version": "3.0.1",
            "resolved": "https://registry.npmjs.org/v8-compile-cache-lib/-/v8-compile-cache-lib-3.0.1.tgz",
            "integrity": "sha512-wa7YjyUGfNZngI/vtK0UHAN+lgDCxBPCylVXGp0zu59Fz5aiGtNXaq3DhIov063MorB+VfufLh3JlF2KdTK3xg==",
            "dev": true
        },
        "ws": {
            "version": "8.11.0",
            "resolved": "https://registry.npmjs.org/ws/-/ws-8.11.0.tgz",
            "integrity": "sha512-HPG3wQd9sNQoT9xHyNCXoDUa+Xw/VevmY9FoHyQ+g+rrMn4j6FB4np7Z0OhdTgjx6MgQLK7jwSy1YecU1+4Asg==",
            "dev": true,
            "requires": {}
        },
        "yn": {
            "version": "3.1.1",
            "resolved": "https://registry.npmjs.org/yn/-/yn-3.1.1.tgz",
            "integrity": "sha512-Ux4ygGWsu2c7isFWe8Yu1YluJmqVhxqK2cLXNQA5AcC3QfbGNpM7fu0Y8b/z16pXLnFxZYvWhd3fhBY9DLmC6Q==",
            "dev": true
        }
    }
}
